{
  "requires": true,
  "lockfileVersion": 1,
  "dependencies": {
    "laravel-vue-pagination": {
      "version": "1.2.0",
      "resolved": "https://registry.npmjs.org/laravel-vue-pagination/-/laravel-vue-pagination-1.2.0.tgz",
      "integrity": "sha512-c3RyVOU7cEaaDfXwv862mG1LY0PDM2mwNyRu0eP2Jp1bwEnDD0riB2yZvwK/oEgHZVB28e4kFzF/NJ3SedOcZA=="
    }
  }
}
